
Microsoft Visual Studio Solution File, Format Version 12.00
# Visual Studio Version 17
VisualStudioVersion = 17.11.35327.3
MinimumVisualStudioVersion = 10.0.40219.1
Project("{FAE04EC0-301F-11D3-BF4B-00C04F79EFBC}") = "laba 6", "laba 6\laba 6.csproj", "{B4F472F7-D2B0-4DCB-B95B-1F7DE7003B90}"
EndProject
Global
	GlobalSection(SolutionConfigurationPlatforms) = preSolution
		Debug|Any CPU = Debug|Any CPU
		Release|Any CPU = Release|Any CPU
	EndGlobalSection
	GlobalSection(ProjectConfigurationPlatforms) = postSolution
		{B4F472F7-D2B0-4DCB-B95B-1F7DE7003B90}.Debug|Any CPU.ActiveCfg = Debug|Any CPU
		{B4F472F7-D2B0-4DCB-B95B-1F7DE7003B90}.Debug|Any CPU.Build.0 = Debug|Any CPU
		{B4F472F7-D2B0-4DCB-B95B-1F7DE7003B90}.Release|Any CPU.ActiveCfg = Release|Any CPU
		{B4F472F7-D2B0-4DCB-B95B-1F7DE7003B90}.Release|Any CPU.Build.0 = Release|Any CPU
	EndGlobalSection
	GlobalSection(SolutionProperties) = preSolution
		HideSolutionNode = FALSE
	EndGlobalSection
	GlobalSection(ExtensibilityGlobals) = postSolution
		SolutionGuid = {44B62C59-52A1-4CF9-B522-EA6FB17B1226}
	EndGlobalSection
EndGlobal
